
Microsoft Visual Studio Solution File, Format Version 12.00
# Visual Studio Version 17
VisualStudioVersion = 17.5.002.0
MinimumVisualStudioVersion = 10.0.40219.1
Project("{9A19103F-16F7-4668-BE54-9A1E7A4F7556}") = "GuessingGame", "GuessingGame\GuessingGame.csproj", "{3C9D7BED-A8E4-4EB4-B02B-A370C61C860D}"
EndProject
Global
	GlobalSection(SolutionConfigurationPlatforms) = preSolution
		Debug|Any CPU = Debug|Any CPU
		Release|Any CPU = Release|Any CPU
	EndGlobalSection
	GlobalSection(ProjectConfigurationPlatforms) = postSolution
		{3C9D7BED-A8E4-4EB4-B02B-A370C61C860D}.Debug|Any CPU.ActiveCfg = Debug|Any CPU
		{3C9D7BED-A8E4-4EB4-B02B-A370C61C860D}.Debug|Any CPU.Build.0 = Debug|Any CPU
		{3C9D7BED-A8E4-4EB4-B02B-A370C61C860D}.Release|Any CPU.ActiveCfg = Release|Any CPU
		{3C9D7BED-A8E4-4EB4-B02B-A370C61C860D}.Release|Any CPU.Build.0 = Release|Any CPU
	EndGlobalSection
	GlobalSection(SolutionProperties) = preSolution
		HideSolutionNode = FALSE
	EndGlobalSection
	GlobalSection(ExtensibilityGlobals) = postSolution
		SolutionGuid = {C9CB2DC5-CB3C-4BF5-AEA1-A5BE95A347AD}
	EndGlobalSection
EndGlobal
